github.com/dgryski/go-metro v0.0.0-20200812162917-85c65e2d0165 h1:BS21ZUJ/B5X2UVUbczfmdWH7GapPWAhxcMsDnjJTU1E=
github.com/dgryski/go-metro v0.0.0-20200812162917-85c65e2d0165/go.mod h1:c9O8+fpSOX1DM8cPNSkX/qsBWdkD4yd2dpciOWQjpBw=
github.com/dgryski/go-pcgr v0.0.0-20190219145045-9a7ede0ca611 h1:ZmWYkcFCJGYQKmGRcPEY/6QsA/1ea5RACx9B2fbbE9c=
github.com/dgryski/go-pcgr v0.0.0-20190219145045-9a7ede0ca611/go.mod h1:ztV/u9hqJRBCT0P03v0Ueol7unBefCKL+paOoIZkR88=
